
Microsoft Visual Studio Solution File, Format Version 12.00
# Visual Studio Version 16
VisualStudioVersion = 16.0.28621.142
MinimumVisualStudioVersion = 10.0.40219.1
Project("{FAE04EC0-301F-11D3-BF4B-00C04F79EFBC}") = "BlazorDragAndDrop", "BlazorDragAndDrop\BlazorDragAndDrop.csproj", "{6CC7FFB3-4088-4000-AD72-9D7C3A5C2F33}"
EndProject
Global
	GlobalSection(SolutionConfigurationPlatforms) = preSolution
		Debug|Any CPU = Debug|Any CPU
		Release|Any CPU = Release|Any CPU
	EndGlobalSection
	GlobalSection(ProjectConfigurationPlatforms) = postSolution
		{6CC7FFB3-4088-4000-AD72-9D7C3A5C2F33}.Debug|Any CPU.ActiveCfg = Debug|Any CPU
		{6CC7FFB3-4088-4000-AD72-9D7C3A5C2F33}.Debug|Any CPU.Build.0 = Debug|Any CPU
		{6CC7FFB3-4088-4000-AD72-9D7C3A5C2F33}.Release|Any CPU.ActiveCfg = Release|Any CPU
		{6CC7FFB3-4088-4000-AD72-9D7C3A5C2F33}.Release|Any CPU.Build.0 = Release|Any CPU
	EndGlobalSection
	GlobalSection(SolutionProperties) = preSolution
		HideSolutionNode = FALSE
	EndGlobalSection
	GlobalSection(ExtensibilityGlobals) = postSolution
		SolutionGuid = {705F69C5-B729-43DE-896F-55D602008F6B}
	EndGlobalSection
EndGlobal
